Microsoft Visual Studio Solution File, Format Version 12.00
# Visual Studio Version 17
VisualStudioVersion = 17.5.2.0
MinimumVisualStudioVersion = 10.0.40219.1
Project("{FAE04EC0-301F-11D3-BF4B-00C04F79EFBC}") = "HowlDev.AI.Training", "HowlDev.AI.Training\HowlDev.AI.Training.csproj", "{338BE9FF-49B6-BD35-14AD-BCEC600CED45}"
EndProject
Project("{FAE04EC0-301F-11D3-BF4B-00C04F79EFBC}") = "HowlDev.AI.Structures", "HowlDev.AI.Structures\HowlDev.AI.Structures.csproj", "{DA079231-C658-D5CB-3394-9CD3FB7B7B0A}"
EndProject
Project("{2150E333-8FDC-42A3-9474-1A3956D46DE8}") = "Tests", "Tests", "{0AB3BF05-4346-4AA6-1389-037BE0695223}"
EndProject
Project("{FAE04EC0-301F-11D3-BF4B-00C04F79EFBC}") = "HowlDev.AI.Structures.Tests", "Tests\HowlDev.AI.Structures.Tests\HowlDev.AI.Structures.Tests.csproj", "{1712FFF6-D84C-565A-CA76-B60B9D20587B}"
EndProject
Project("{FAE04EC0-301F-11D3-BF4B-00C04F79EFBC}") = "HowlDev.AI.Training.Tests", "Tests\HowlDev.AI.Training.Tests\HowlDev.AI.Training.Tests.csproj", "{E52B33F2-0050-5968-806A-C3936060D7C3}"
EndProject
Project("{FAE04EC0-301F-11D3-BF4B-00C04F79EFBC}") = "HowlDev.AI.Core", "HowlDev.AI.Core\HowlDev.AI.Core.csproj", "{EEB17880-DA97-4293-99E4-90A8BF21FCDE}"
EndProject
Global
	GlobalSection(SolutionConfigurationPlatforms) = preSolution
		Debug|Any CPU = Debug|Any CPU
		Release|Any CPU = Release|Any CPU
	EndGlobalSection
	GlobalSection(ProjectConfigurationPlatforms) = postSolution
		{338BE9FF-49B6-BD35-14AD-BCEC600CED45}.Debug|Any CPU.ActiveCfg = Debug|Any CPU
		{338BE9FF-49B6-BD35-14AD-BCEC600CED45}.Debug|Any CPU.Build.0 = Debug|Any CPU
		{338BE9FF-49B6-BD35-14AD-BCEC600CED45}.Release|Any CPU.ActiveCfg = Release|Any CPU
		{338BE9FF-49B6-BD35-14AD-BCEC600CED45}.Release|Any CPU.Build.0 = Release|Any CPU
		{DA079231-C658-D5CB-3394-9CD3FB7B7B0A}.Debug|Any CPU.ActiveCfg = Debug|Any CPU
		{DA079231-C658-D5CB-3394-9CD3FB7B7B0A}.Debug|Any CPU.Build.0 = Debug|Any CPU
		{DA079231-C658-D5CB-3394-9CD3FB7B7B0A}.Release|Any CPU.ActiveCfg = Release|Any CPU
		{DA079231-C658-D5CB-3394-9CD3FB7B7B0A}.Release|Any CPU.Build.0 = Release|Any CPU
		{1712FFF6-D84C-565A-CA76-B60B9D20587B}.Debug|Any CPU.ActiveCfg = Debug|Any CPU
		{1712FFF6-D84C-565A-CA76-B60B9D20587B}.Debug|Any CPU.Build.0 = Debug|Any CPU
		{1712FFF6-D84C-565A-CA76-B60B9D20587B}.Release|Any CPU.ActiveCfg = Release|Any CPU
		{1712FFF6-D84C-565A-CA76-B60B9D20587B}.Release|Any CPU.Build.0 = Release|Any CPU
		{E52B33F2-0050-5968-806A-C3936060D7C3}.Debug|Any CPU.ActiveCfg = Debug|Any CPU
		{E52B33F2-0050-5968-806A-C3936060D7C3}.Debug|Any CPU.Build.0 = Debug|Any CPU
		{E52B33F2-0050-5968-806A-C3936060D7C3}.Release|Any CPU.ActiveCfg = Release|Any CPU
		{E52B33F2-0050-5968-806A-C3936060D7C3}.Release|Any CPU.Build.0 = Release|Any CPU
		{EEB17880-DA97-4293-99E4-90A8BF21FCDE}.Debug|Any CPU.ActiveCfg = Debug|Any CPU
		{EEB17880-DA97-4293-99E4-90A8BF21FCDE}.Debug|Any CPU.Build.0 = Debug|Any CPU
		{EEB17880-DA97-4293-99E4-90A8BF21FCDE}.Release|Any CPU.ActiveCfg = Release|Any CPU
		{EEB17880-DA97-4293-99E4-90A8BF21FCDE}.Release|Any CPU.Build.0 = Release|Any CPU
	EndGlobalSection
	GlobalSection(SolutionProperties) = preSolution
		HideSolutionNode = FALSE
	EndGlobalSection
	GlobalSection(NestedProjects) = preSolution
		{1712FFF6-D84C-565A-CA76-B60B9D20587B} = {0AB3BF05-4346-4AA6-1389-037BE0695223}
		{E52B33F2-0050-5968-806A-C3936060D7C3} = {0AB3BF05-4346-4AA6-1389-037BE0695223}
	EndGlobalSection
	GlobalSection(ExtensibilityGlobals) = postSolution
		SolutionGuid = {BD98D74A-5BCB-4F78-86B6-E5F084946EAF}
	EndGlobalSection
EndGlobal
